
Microsoft Visual Studio Solution File, Format Version 12.00
# Visual Studio Version 16
VisualStudioVersion = 16.0.32602.291
MinimumVisualStudioVersion = 10.0.40219.1
Project("{FAE04EC0-301F-11D3-BF4B-00C04F79EFBC}") = "Competetive", "Competetive\Competetive.csproj", "{EDE8A270-B2BB-4450-9097-258ED4B839A7}"
EndProject
Global
	GlobalSection(SolutionConfigurationPlatforms) = preSolution
		Debug|Any CPU = Debug|Any CPU
		Release|Any CPU = Release|Any CPU
	EndGlobalSection
	GlobalSection(ProjectConfigurationPlatforms) = postSolution
		{EDE8A270-B2BB-4450-9097-258ED4B839A7}.Debug|Any CPU.ActiveCfg = Debug|Any CPU
		{EDE8A270-B2BB-4450-9097-258ED4B839A7}.Debug|Any CPU.Build.0 = Debug|Any CPU
		{EDE8A270-B2BB-4450-9097-258ED4B839A7}.Release|Any CPU.ActiveCfg = Release|Any CPU
		{EDE8A270-B2BB-4450-9097-258ED4B839A7}.Release|Any CPU.Build.0 = Release|Any CPU
	EndGlobalSection
	GlobalSection(SolutionProperties) = preSolution
		HideSolutionNode = FALSE
	EndGlobalSection
	GlobalSection(ExtensibilityGlobals) = postSolution
		SolutionGuid = {BF9DB649-A011-4326-B87D-386C1B0D014B}
	EndGlobalSection
EndGlobal
